
Microsoft Visual Studio Solution File, Format Version 12.00
# Visual Studio 2012
Project("{8BC9CEB8-8B4A-11D0-8D11-00A0C91BC942}") = "try 2", "try 2\try 2.vcxproj", "{44BB7ADE-92B2-4D06-AB0B-BEBFF22D3082}"
EndProject
Global
	GlobalSection(SolutionConfigurationPlatforms) = preSolution
		Debug|Win32 = Debug|Win32
		Release|Win32 = Release|Win32
	EndGlobalSection
	GlobalSection(ProjectConfigurationPlatforms) = postSolution
		{44BB7ADE-92B2-4D06-AB0B-BEBFF22D3082}.Debug|Win32.ActiveCfg = Debug|Win32
		{44BB7ADE-92B2-4D06-AB0B-BEBFF22D3082}.Debug|Win32.Build.0 = Debug|Win32
		{44BB7ADE-92B2-4D06-AB0B-BEBFF22D3082}.Release|Win32.ActiveCfg = Release|Win32
		{44BB7ADE-92B2-4D06-AB0B-BEBFF22D3082}.Release|Win32.Build.0 = Release|Win32
	EndGlobalSection
	GlobalSection(SolutionProperties) = preSolution
		HideSolutionNode = FALSE
	EndGlobalSection
EndGlobal
